
Microsoft Visual Studio Solution File, Format Version 12.00
# Visual Studio Version 16
VisualStudioVersion = 16.0.31605.320
MinimumVisualStudioVersion = 10.0.40219.1
Project("{FAE04EC0-301F-11D3-BF4B-00C04F79EFBC}") = "CapaPresentacion", "CapaPresentacion.csproj", "{34A8D75B-0500-49B9-BAF5-CBE89199B94E}"
EndProject
Project("{FAE04EC0-301F-11D3-BF4B-00C04F79EFBC}") = "CapaDatos", "CapaDatos\CapaDatos.csproj", "{274A7FE2-C44F-4810-8AA6-F7D1F2E62AEC}"
EndProject
Project("{FAE04EC0-301F-11D3-BF4B-00C04F79EFBC}") = "CapaNegocio", "CapaNegocio\CapaNegocio.csproj", "{5E5F9277-54C2-4CE5-A3A7-B6B14BCDDE0A}"
EndProject
Global
	GlobalSection(SolutionConfigurationPlatforms) = preSolution
		Debug|Any CPU = Debug|Any CPU
		Release|Any CPU = Release|Any CPU
	EndGlobalSection
	GlobalSection(ProjectConfigurationPlatforms) = postSolution
		{34A8D75B-0500-49B9-BAF5-CBE89199B94E}.Debug|Any CPU.ActiveCfg = Debug|Any CPU
		{34A8D75B-0500-49B9-BAF5-CBE89199B94E}.Debug|Any CPU.Build.0 = Debug|Any CPU
		{34A8D75B-0500-49B9-BAF5-CBE89199B94E}.Release|Any CPU.ActiveCfg = Release|Any CPU
		{34A8D75B-0500-49B9-BAF5-CBE89199B94E}.Release|Any CPU.Build.0 = Release|Any CPU
		{274A7FE2-C44F-4810-8AA6-F7D1F2E62AEC}.Debug|Any CPU.ActiveCfg = Debug|Any CPU
		{274A7FE2-C44F-4810-8AA6-F7D1F2E62AEC}.Debug|Any CPU.Build.0 = Debug|Any CPU
		{274A7FE2-C44F-4810-8AA6-F7D1F2E62AEC}.Release|Any CPU.ActiveCfg = Release|Any CPU
		{274A7FE2-C44F-4810-8AA6-F7D1F2E62AEC}.Release|Any CPU.Build.0 = Release|Any CPU
		{5E5F9277-54C2-4CE5-A3A7-B6B14BCDDE0A}.Debug|Any CPU.ActiveCfg = Debug|Any CPU
		{5E5F9277-54C2-4CE5-A3A7-B6B14BCDDE0A}.Debug|Any CPU.Build.0 = Debug|Any CPU
		{5E5F9277-54C2-4CE5-A3A7-B6B14BCDDE0A}.Release|Any CPU.ActiveCfg = Release|Any CPU
		{5E5F9277-54C2-4CE5-A3A7-B6B14BCDDE0A}.Release|Any CPU.Build.0 = Release|Any CPU
	EndGlobalSection
	GlobalSection(SolutionProperties) = preSolution
		HideSolutionNode = FALSE
	EndGlobalSection
	GlobalSection(ExtensibilityGlobals) = postSolution
		SolutionGuid = {A6290CBB-6253-45F0-85CC-7B8ECA41619A}
	EndGlobalSection
EndGlobal
